
Microsoft Visual Studio Solution File, Format Version 12.00
# Visual Studio 15
VisualStudioVersion = 15.0.27130.2010
MinimumVisualStudioVersion = 10.0.40219.1
Project("{FAE04EC0-301F-11D3-BF4B-00C04F79EFBC}") = "TaskManagerService.API", "TaskManagerService.API\TaskManagerService.API.csproj", "{C27C7341-62A4-496D-BBA8-640D8DF46332}"
EndProject
Project("{FAE04EC0-301F-11D3-BF4B-00C04F79EFBC}") = "TaskManagerService.Tests", "TaskManagerService.Tests\TaskManagerService.Tests.csproj", "{BE10C2AA-7227-4666-A783-0470DA402761}"
EndProject
Project("{FAE04EC0-301F-11D3-BF4B-00C04F79EFBC}") = "TaskManagerService.Entities", "TaskManagerService.Entities\TaskManagerService.Entities.csproj", "{B5FEB1B3-6CD7-4EB4-955B-19F2CDAA5652}"
EndProject
Project("{FAE04EC0-301F-11D3-BF4B-00C04F79EFBC}") = "TaskManagerService.BusinessLayer", "TaskManagerService.BusinessLayer\TaskManagerService.BusinessLayer.csproj", "{D2574D23-456A-4BD7-B9F3-616E661C5084}"
EndProject
Project("{FAE04EC0-301F-11D3-BF4B-00C04F79EFBC}") = "TaskManagerService.DataAccessLayer", "TaskManagerService.DataAccessLayer\TaskManagerService.DataAccessLayer.csproj", "{537ADBC1-AB41-400C-BBF7-FD4FD1A9227C}"
EndProject
Project("{FAE04EC0-301F-11D3-BF4B-00C04F79EFBC}") = "TaskManagerService.PerformanceTest", "TaskManagerService.PerformanceTest\TaskManagerService.PerformanceTest.csproj", "{4B441B24-3A92-4908-BC30-B4DC60256FE2}"
EndProject
Global
	GlobalSection(SolutionConfigurationPlatforms) = preSolution
		Debug|Any CPU = Debug|Any CPU
		Release|Any CPU = Release|Any CPU
	EndGlobalSection
	GlobalSection(ProjectConfigurationPlatforms) = postSolution
		{C27C7341-62A4-496D-BBA8-640D8DF46332}.Debug|Any CPU.ActiveCfg = Debug|Any CPU
		{C27C7341-62A4-496D-BBA8-640D8DF46332}.Debug|Any CPU.Build.0 = Debug|Any CPU
		{C27C7341-62A4-496D-BBA8-640D8DF46332}.Release|Any CPU.ActiveCfg = Release|Any CPU
		{C27C7341-62A4-496D-BBA8-640D8DF46332}.Release|Any CPU.Build.0 = Release|Any CPU
		{BE10C2AA-7227-4666-A783-0470DA402761}.Debug|Any CPU.ActiveCfg = Debug|Any CPU
		{BE10C2AA-7227-4666-A783-0470DA402761}.Debug|Any CPU.Build.0 = Debug|Any CPU
		{BE10C2AA-7227-4666-A783-0470DA402761}.Release|Any CPU.ActiveCfg = Release|Any CPU
		{BE10C2AA-7227-4666-A783-0470DA402761}.Release|Any CPU.Build.0 = Release|Any CPU
		{B5FEB1B3-6CD7-4EB4-955B-19F2CDAA5652}.Debug|Any CPU.ActiveCfg = Debug|Any CPU
		{B5FEB1B3-6CD7-4EB4-955B-19F2CDAA5652}.Debug|Any CPU.Build.0 = Debug|Any CPU
		{B5FEB1B3-6CD7-4EB4-955B-19F2CDAA5652}.Release|Any CPU.ActiveCfg = Release|Any CPU
		{B5FEB1B3-6CD7-4EB4-955B-19F2CDAA5652}.Release|Any CPU.Build.0 = Release|Any CPU
		{D2574D23-456A-4BD7-B9F3-616E661C5084}.Debug|Any CPU.ActiveCfg = Debug|Any CPU
		{D2574D23-456A-4BD7-B9F3-616E661C5084}.Debug|Any CPU.Build.0 = Debug|Any CPU
		{D2574D23-456A-4BD7-B9F3-616E661C5084}.Release|Any CPU.ActiveCfg = Release|Any CPU
		{D2574D23-456A-4BD7-B9F3-616E661C5084}.Release|Any CPU.Build.0 = Release|Any CPU
		{537ADBC1-AB41-400C-BBF7-FD4FD1A9227C}.Debug|Any CPU.ActiveCfg = Debug|Any CPU
		{537ADBC1-AB41-400C-BBF7-FD4FD1A9227C}.Debug|Any CPU.Build.0 = Debug|Any CPU
		{537ADBC1-AB41-400C-BBF7-FD4FD1A9227C}.Release|Any CPU.ActiveCfg = Release|Any CPU
		{537ADBC1-AB41-400C-BBF7-FD4FD1A9227C}.Release|Any CPU.Build.0 = Release|Any CPU
		{4B441B24-3A92-4908-BC30-B4DC60256FE2}.Debug|Any CPU.ActiveCfg = Debug|Any CPU
		{4B441B24-3A92-4908-BC30-B4DC60256FE2}.Debug|Any CPU.Build.0 = Debug|Any CPU
		{4B441B24-3A92-4908-BC30-B4DC60256FE2}.Release|Any CPU.ActiveCfg = Release|Any CPU
		{4B441B24-3A92-4908-BC30-B4DC60256FE2}.Release|Any CPU.Build.0 = Release|Any CPU
	EndGlobalSection
	GlobalSection(SolutionProperties) = preSolution
		HideSolutionNode = FALSE
	EndGlobalSection
	GlobalSection(ExtensibilityGlobals) = postSolution
		SolutionGuid = {56167C6E-6FEF-49C7-BFEA-BFED52DCB881}
	EndGlobalSection
EndGlobal
