
Microsoft Visual Studio Solution File, Format Version 12.00
# Visual Studio Version 16
VisualStudioVersion = 16.0.28803.202
MinimumVisualStudioVersion = 10.0.40219.1
Project("{FAE04EC0-301F-11D3-BF4B-00C04F79EFBC}") = "TaskManagerService.API", "TaskManagerService.API\TaskManagerService.API.csproj", "{C27C7341-62A4-496D-BBA8-640D8DF46332}"
EndProject
Project("{FAE04EC0-301F-11D3-BF4B-00C04F79EFBC}") = "TaskManagerService.Tests", "TaskManagerService.Tests\TaskManagerService.Tests.csproj", "{BE10C2AA-7227-4666-A783-0470DA402761}"
EndProject
Global
	GlobalSection(SolutionConfigurationPlatforms) = preSolution
		Debug|Any CPU = Debug|Any CPU
		Release|Any CPU = Release|Any CPU
	EndGlobalSection
	GlobalSection(ProjectConfigurationPlatforms) = postSolution
		{C27C7341-62A4-496D-BBA8-640D8DF46332}.Debug|Any CPU.ActiveCfg = Debug|Any CPU
		{C27C7341-62A4-496D-BBA8-640D8DF46332}.Debug|Any CPU.Build.0 = Debug|Any CPU
		{C27C7341-62A4-496D-BBA8-640D8DF46332}.Release|Any CPU.ActiveCfg = Release|Any CPU
		{C27C7341-62A4-496D-BBA8-640D8DF46332}.Release|Any CPU.Build.0 = Release|Any CPU
		{BE10C2AA-7227-4666-A783-0470DA402761}.Debug|Any CPU.ActiveCfg = Debug|Any CPU
		{BE10C2AA-7227-4666-A783-0470DA402761}.Debug|Any CPU.Build.0 = Debug|Any CPU
		{BE10C2AA-7227-4666-A783-0470DA402761}.Release|Any CPU.ActiveCfg = Release|Any CPU
		{BE10C2AA-7227-4666-A783-0470DA402761}.Release|Any CPU.Build.0 = Release|Any CPU
	EndGlobalSection
	GlobalSection(SolutionProperties) = preSolution
		HideSolutionNode = FALSE
	EndGlobalSection
	GlobalSection(ExtensibilityGlobals) = postSolution
		SolutionGuid = {56167C6E-6FEF-49C7-BFEA-BFED52DCB881}
	EndGlobalSection
EndGlobal
